
Microsoft Visual Studio Solution File, Format Version 12.00
# Visual Studio 15
VisualStudioVersion = 15.0.28307.705
MinimumVisualStudioVersion = 10.0.40219.1
Project("{9A19103F-16F7-4668-BE54-9A1E7A4F7556}") = "dnc200-change-calculatorTest", "test\dnc200-change-calculatorTest\dnc200-change-calculatorTest.csproj", "{6575004A-2E81-4FFA-A977-EEDAAC368764}"
EndProject
Project("{9A19103F-16F7-4668-BE54-9A1E7A4F7556}") = "dnc200-change-calculator", "src\dnc200-change-calculator\dnc200-change-calculator.csproj", "{7165F16F-0A65-4BE5-AE00-33D098363A64}"
EndProject
Global
	GlobalSection(SolutionConfigurationPlatforms) = preSolution
		Debug|Any CPU = Debug|Any CPU
		Release|Any CPU = Release|Any CPU
	EndGlobalSection
	GlobalSection(ProjectConfigurationPlatforms) = postSolution
		{6575004A-2E81-4FFA-A977-EEDAAC368764}.Debug|Any CPU.ActiveCfg = Debug|Any CPU
		{6575004A-2E81-4FFA-A977-EEDAAC368764}.Debug|Any CPU.Build.0 = Debug|Any CPU
		{6575004A-2E81-4FFA-A977-EEDAAC368764}.Release|Any CPU.ActiveCfg = Release|Any CPU
		{6575004A-2E81-4FFA-A977-EEDAAC368764}.Release|Any CPU.Build.0 = Release|Any CPU
		{7165F16F-0A65-4BE5-AE00-33D098363A64}.Debug|Any CPU.ActiveCfg = Debug|Any CPU
		{7165F16F-0A65-4BE5-AE00-33D098363A64}.Debug|Any CPU.Build.0 = Debug|Any CPU
		{7165F16F-0A65-4BE5-AE00-33D098363A64}.Release|Any CPU.ActiveCfg = Release|Any CPU
		{7165F16F-0A65-4BE5-AE00-33D098363A64}.Release|Any CPU.Build.0 = Release|Any CPU
	EndGlobalSection
	GlobalSection(SolutionProperties) = preSolution
		HideSolutionNode = FALSE
	EndGlobalSection
	GlobalSection(ExtensibilityGlobals) = postSolution
		SolutionGuid = {1E1441A5-44E7-4D8D-A56E-F5C4D4883778}
	EndGlobalSection
EndGlobal
